
Microsoft Visual Studio Solution File, Format Version 12.00
# Visual Studio Version 17
VisualStudioVersion = 17.7.34018.315
MinimumVisualStudioVersion = 10.0.40219.1
Project("{FAE04EC0-301F-11D3-BF4B-00C04F79EFBC}") = "23-10-13", "23-10-13\23-10-13.csproj", "{E477319F-73DB-4C6F-B4CD-D490B7DCF273}"
EndProject
Global
	GlobalSection(SolutionConfigurationPlatforms) = preSolution
		Debug|Any CPU = Debug|Any CPU
		Release|Any CPU = Release|Any CPU
	EndGlobalSection
	GlobalSection(ProjectConfigurationPlatforms) = postSolution
		{E477319F-73DB-4C6F-B4CD-D490B7DCF273}.Debug|Any CPU.ActiveCfg = Debug|Any CPU
		{E477319F-73DB-4C6F-B4CD-D490B7DCF273}.Debug|Any CPU.Build.0 = Debug|Any CPU
		{E477319F-73DB-4C6F-B4CD-D490B7DCF273}.Release|Any CPU.ActiveCfg = Release|Any CPU
		{E477319F-73DB-4C6F-B4CD-D490B7DCF273}.Release|Any CPU.Build.0 = Release|Any CPU
	EndGlobalSection
	GlobalSection(SolutionProperties) = preSolution
		HideSolutionNode = FALSE
	EndGlobalSection
	GlobalSection(ExtensibilityGlobals) = postSolution
		SolutionGuid = {AC80650B-FD38-4F01-B2D7-95A7E30566F0}
	EndGlobalSection
EndGlobal
